<?xml version="1.0" encoding="utf-8"?>
<Project ToolsVersion="4.0" xmlns="http://schemas.microsoft.com/developer/msbuild/2003">
  <ItemGroup>
    <Filter Include="Source Files">
      <UniqueIdentifier>{4FC737F1-C7A5-4376-A066-2A32D752A2FF}</UniqueIdentifier>
      <Extensions>cpp;c;cc;cxx;def;odl;idl;hpj;bat;asm;asmx</Extensions>
    </Filter>
    <Filter Include="Header Files">
      <UniqueIdentifier>{93995380-89BD-4b04-88EB-625FBE52EBFB}</UniqueIdentifier>
      <Extensions>h;hh;hpp;hxx;hm;inl;inc;xsd</Extensions>
    </Filter>
    <Filter Include="Resource Files">
      <UniqueIdentifier>{67DA6AB6-F800-4c08-8B7A-83BB121AAD01}</UniqueIdentifier>
      <Extensions>rc;ico;cur;bmp;dlg;rc2;rct;bin;rgs;gif;jpg;jpeg;jpe;resx;tiff;tif;png;wav;mfcribbon-ms</Extensions>
    </Filter>
    <Filter Include="Core">
      <UniqueIdentifier>{7372d55c-b71f-4ff5-acb7-5bd21d8887ca}</UniqueIdentifier>
    </Filter>
    <Filter Include="Agents">
      <UniqueIdentifier>{99a2f262-6a79-4f2d-a763-608c436f7773}</UniqueIdentifier>
    </Filter>
    <Filter Include="Core\Guns">
      <UniqueIdentifier>{eac2b05b-1cb7-4d85-aae9-21d35d8214c0}</UniqueIdentifier>
    </Filter>
  </ItemGroup>
  <ItemGroup>
    <ClCompile Include="Agent.cpp">
      <Filter>Agents</Filter>
    </ClCompile>
    <ClCompile Include="Human.cpp">
      <Filter>Agents</Filter>
    </ClCompile>
    <ClCompile Include="Player.cpp">
      <Filter>Agents</Filter>
    </ClCompile>
    <ClCompile Include="Zombie.cpp">
      <Filter>Agents</Filter>
    </ClCompile>
    <ClCompile Include="Level.cpp">
      <Filter>Core</Filter>
    </ClCompile>
    <ClCompile Include="main.cpp">
      <Filter>Core</Filter>
    </ClCompile>
    <ClCompile Include="MainGame.cpp">
      <Filter>Core</Filter>
    </ClCompile>
    <ClCompile Include="Bullet.cpp">
      <Filter>Core\Guns</Filter>
    </ClCompile>
    <ClCompile Include="Gun.cpp">
      <Filter>Core\Guns</Filter>
    </ClCompile>
  </ItemGroup>
  <ItemGroup>
    <ClInclude Include="Agent.h">
      <Filter>Agents</Filter>
    </ClInclude>
    <ClInclude Include="Human.h">
      <Filter>Agents</Filter>
    </ClInclude>
    <ClInclude Include="Player.h">
      <Filter>Agents</Filter>
    </ClInclude>
    <ClInclude Include="Zombie.h">
      <Filter>Agents</Filter>
    </ClInclude>
    <ClInclude Include="MainGame.h">
      <Filter>Core</Filter>
    </ClInclude>
    <ClInclude Include="Level.h">
      <Filter>Core</Filter>
    </ClInclude>
    <ClInclude Include="Bullet.h">
      <Filter>Core\Guns</Filter>
    </ClInclude>
    <ClInclude Include="Gun.h">
      <Filter>Core\Guns</Filter>
    </ClInclude>
  </ItemGroup>
  <ItemGroup>
    <Text Include="Levels\level1.txt" />
  </ItemGroup>
</Project>