<?xml version="1.0" encoding="utf-8"?>
<Project ToolsVersion="4.0" xmlns="http://schemas.microsoft.com/developer/msbuild/2003">
  <ItemGroup>
    <Filter Include="Source Files">
      <UniqueIdentifier>{4FC737F1-C7A5-4376-A066-2A32D752A2FF}</UniqueIdentifier>
      <Extensions>cpp;c;cc;cxx;def;odl;idl;hpj;bat;asm;asmx</Extensions>
    </Filter>
    <Filter Include="Header Files">
      <UniqueIdentifier>{93995380-89BD-4b04-88EB-625FBE52EBFB}</UniqueIdentifier>
      <Extensions>h;hh;hpp;hxx;hm;inl;inc;xsd</Extensions>
    </Filter>
    <Filter Include="Resource Files">
      <UniqueIdentifier>{67DA6AB6-F800-4c08-8B7A-83BB121AAD01}</UniqueIdentifier>
      <Extensions>rc;ico;cur;bmp;dlg;rc2;rct;bin;rgs;gif;jpg;jpeg;jpe;resx;tiff;tif;png;wav;mfcribbon-ms</Extensions>
    </Filter>
    <Filter Include="Graphics">
      <UniqueIdentifier>{9cb9f116-8dc8-475e-ad68-6e95af96682b}</UniqueIdentifier>
    </Filter>
    <Filter Include="Core">
      <UniqueIdentifier>{aea932bf-0deb-4ea1-b6c7-eeee84902ccf}</UniqueIdentifier>
    </Filter>
    <Filter Include="Graphics\Header Files">
      <UniqueIdentifier>{af6d5cc0-27db-4954-8467-de4801083968}</UniqueIdentifier>
    </Filter>
    <Filter Include="Graphics\.cpp">
      <UniqueIdentifier>{531c6ce5-b9bd-4d23-8049-b5d40c59770b}</UniqueIdentifier>
    </Filter>
    <Filter Include="Core\Headers File">
      <UniqueIdentifier>{61c60bbd-d526-4a68-81cb-e34b0755a4b0}</UniqueIdentifier>
    </Filter>
    <Filter Include="Core\.cpp">
      <UniqueIdentifier>{14d06eda-560d-4ec6-a51d-fd758e9a97f9}</UniqueIdentifier>
    </Filter>
    <Filter Include="Audio">
      <UniqueIdentifier>{f30d7f05-9e3f-45f7-a6fc-c9ccd7d48ac3}</UniqueIdentifier>
    </Filter>
    <Filter Include="Audio\.cpp">
      <UniqueIdentifier>{cc129780-bef4-454c-a4f4-6519a3a10fab}</UniqueIdentifier>
    </Filter>
    <Filter Include="Audio\.h">
      <UniqueIdentifier>{a6ebf0fc-1165-4da0-85d0-1957d72109c0}</UniqueIdentifier>
    </Filter>
  </ItemGroup>
  <ItemGroup>
    <ClInclude Include="Window.h">
      <Filter>Core\Headers File</Filter>
    </ClInclude>
    <ClInclude Include="Errors.h">
      <Filter>Core\Headers File</Filter>
    </ClInclude>
    <ClInclude Include="InputManager.h">
      <Filter>Core\Headers File</Filter>
    </ClInclude>
    <ClInclude Include="IOManager.h">
      <Filter>Core\Headers File</Filter>
    </ClInclude>
    <ClInclude Include="pg.h">
      <Filter>Core\Headers File</Filter>
    </ClInclude>
    <ClInclude Include="ResourceManager.h">
      <Filter>Core\Headers File</Filter>
    </ClInclude>
    <ClInclude Include="SpriteBatch.h">
      <Filter>Core\Headers File</Filter>
    </ClInclude>
    <ClInclude Include="TextureCache.h">
      <Filter>Core\Headers File</Filter>
    </ClInclude>
    <ClInclude Include="Timing.h">
      <Filter>Core\Headers File</Filter>
    </ClInclude>
    <ClInclude Include="Camera2D.h">
      <Filter>Core\Headers File</Filter>
    </ClInclude>
    <ClInclude Include="Vertex.h">
      <Filter>Graphics\Header Files</Filter>
    </ClInclude>
    <ClInclude Include="Sprite.h">
      <Filter>Graphics\Header Files</Filter>
    </ClInclude>
    <ClInclude Include="ImageLoader.h">
      <Filter>Graphics\Header Files</Filter>
    </ClInclude>
    <ClInclude Include="picoPNG.h">
      <Filter>Graphics\Header Files</Filter>
    </ClInclude>
    <ClInclude Include="GLTexture.h">
      <Filter>Graphics\Header Files</Filter>
    </ClInclude>
    <ClInclude Include="GLSLProgram.h">
      <Filter>Graphics\Header Files</Filter>
    </ClInclude>
    <ClInclude Include="AudioEngine.h">
      <Filter>Audio\.h</Filter>
    </ClInclude>
    <ClInclude Include="SpriteFont.h">
      <Filter>Graphics\Header Files</Filter>
    </ClInclude>
    <ClInclude Include="ParticleBatch2D.h">
      <Filter>Graphics\Header Files</Filter>
    </ClInclude>
    <ClInclude Include="ParticleEngine2D.h">
      <Filter>Graphics\Header Files</Filter>
    </ClInclude>
  </ItemGroup>
  <ItemGroup>
    <ClCompile Include="Camera2D.cpp">
      <Filter>Core\.cpp</Filter>
    </ClCompile>
    <ClCompile Include="Errors.cpp">
      <Filter>Core\.cpp</Filter>
    </ClCompile>
    <ClCompile Include="InputManager.cpp">
      <Filter>Core\.cpp</Filter>
    </ClCompile>
    <ClCompile Include="IOManager.cpp">
      <Filter>Core\.cpp</Filter>
    </ClCompile>
    <ClCompile Include="pg.cpp">
      <Filter>Core\.cpp</Filter>
    </ClCompile>
    <ClCompile Include="ResourceManager.cpp">
      <Filter>Core\.cpp</Filter>
    </ClCompile>
    <ClCompile Include="SpriteBatch.cpp">
      <Filter>Core\.cpp</Filter>
    </ClCompile>
    <ClCompile Include="TextureCache.cpp">
      <Filter>Core\.cpp</Filter>
    </ClCompile>
    <ClCompile Include="Window.cpp">
      <Filter>Core\.cpp</Filter>
    </ClCompile>
    <ClCompile Include="Sprite.cpp">
      <Filter>Graphics\.cpp</Filter>
    </ClCompile>
    <ClCompile Include="picoPNG.cpp">
      <Filter>Graphics\.cpp</Filter>
    </ClCompile>
    <ClCompile Include="ImageLoader.cpp">
      <Filter>Graphics\.cpp</Filter>
    </ClCompile>
    <ClCompile Include="GLSLProgram.cpp">
      <Filter>Graphics\.cpp</Filter>
    </ClCompile>
    <ClCompile Include="Timing.cpp">
      <Filter>Core\.cpp</Filter>
    </ClCompile>
    <ClCompile Include="AudioEngine.cpp">
      <Filter>Audio\.cpp</Filter>
    </ClCompile>
    <ClCompile Include="SpriteFont.cpp">
      <Filter>Graphics\.cpp</Filter>
    </ClCompile>
    <ClCompile Include="ParticleBatch2D.cpp">
      <Filter>Graphics\.cpp</Filter>
    </ClCompile>
    <ClCompile Include="ParticleEngine2D.cpp">
      <Filter>Graphics\.cpp</Filter>
    </ClCompile>
  </ItemGroup>
</Project>